
Microsoft Visual Studio Solution File, Format Version 12.00
# Visual Studio 15
VisualStudioVersion = 15.0.28307.438
MinimumVisualStudioVersion = 10.0.40219.1
Project("{FAE04EC0-301F-11D3-BF4B-00C04F79EFBC}") = "Webapidemo", "Webapidemo\Webapidemo.csproj", "{B5B51C0E-6A41-4D88-BC8E-9B1FEE94FCBF}"
EndProject
Global
	GlobalSection(SolutionConfigurationPlatforms) = preSolution
		Debug|Any CPU = Debug|Any CPU
		Release|Any CPU = Release|Any CPU
	EndGlobalSection
	GlobalSection(ProjectConfigurationPlatforms) = postSolution
		{B5B51C0E-6A41-4D88-BC8E-9B1FEE94FCBF}.Debug|Any CPU.ActiveCfg = Debug|Any CPU
		{B5B51C0E-6A41-4D88-BC8E-9B1FEE94FCBF}.Debug|Any CPU.Build.0 = Debug|Any CPU
		{B5B51C0E-6A41-4D88-BC8E-9B1FEE94FCBF}.Release|Any CPU.ActiveCfg = Release|Any CPU
		{B5B51C0E-6A41-4D88-BC8E-9B1FEE94FCBF}.Release|Any CPU.Build.0 = Release|Any CPU
	EndGlobalSection
	GlobalSection(SolutionProperties) = preSolution
		HideSolutionNode = FALSE
	EndGlobalSection
	GlobalSection(ExtensibilityGlobals) = postSolution
		SolutionGuid = {B393309E-416C-4C21-B871-927FC40A26AA}
	EndGlobalSection
EndGlobal
